// !$*UTF8*$!
{
	archiveVersion = 1;
	classes = {
	};
	objectVersion = 46;
	objects = {

/* Begin PBXBuildFile section */
		21E5C1B4197AD7F100499002 /* AppDelegate.swift in Sources */ = {isa = PBXBuildFile; fileRef = 21E5C1AE197AD7F100499002 /* AppDelegate.swift */; };
		21E5C1B5197AD7F100499002 /* Main.storyboard in Resources */ = {isa = PBXBuildFile; fileRef = 21E5C1AF197AD7F100499002 /* Main.storyboard */; };
		21E5C1B6197AD7F100499002 /* Images.xcassets in Resources */ = {isa = PBXBuildFile; fileRef = 21E5C1B1197AD7F100499002 /* Images.xcassets */; };
		21E5C1B8197AD7F100499002 /* ViewController.swift in Sources */ = {isa = PBXBuildFile; fileRef = 21E5C1B3197AD7F100499002 /* ViewController.swift */; };
		21E5C1BF197AD7FA00499002 /* GradientView.swift in Sources */ = {isa = PBXBuildFile; fileRef = 21E5C1BE197AD7FA00499002 /* GradientView.swift */; };
/* End PBXBuildFile section */

/* Begin PBXFileReference section */
		21E5C18B197AD72A00499002 /* GradientView.app */ = {isa = PBXFileReference; explicitFileType = wrapper.application; includeInIndex = 0; path = GradientView.app; sourceTree = BUILT_PRODUCTS_DIR; };
		21E5C1AE197AD7F100499002 /* AppDelegate.swift */ = {isa = PBXFileReference; fileEncoding = 4; lastKnownFileType = sourcecode.swift; path = AppDelegate.swift; sourceTree = "<group>"; };
		21E5C1B0197AD7F100499002 /* Base */ = {isa = PBXFileReference; lastKnownFileType = file.storyboard; name = Base; path = Base.lproj/Main.storyboard; sourceTree = "<group>"; };
		21E5C1B1197AD7F100499002 /* Images.xcassets */ = {isa = PBXFileReference; lastKnownFileType = folder.assetcatalog; path = Images.xcassets; sourceTree = "<group>"; };
		21E5C1B2197AD7F100499002 /* Info.plist */ = {isa = PBXFileReference; fileEncoding = 4; lastKnownFileType = text.plist.xml; path = Info.plist; sourceTree = "<group>"; };
		21E5C1B3197AD7F100499002 /* ViewController.swift */ = {isa = PBXFileReference; fileEncoding = 4; lastKnownFileType = sourcecode.swift; path = ViewController.swift; sourceTree = "<group>"; };
		21E5C1BE197AD7FA00499002 /* GradientView.swift */ = {isa = PBXFileReference; fileEncoding = 4; lastKnownFileType = sourcecode.swift; path = GradientView.swift; sourceTree = "<group>"; };
/* End PBXFileReference section */

/* Begin PBXFrameworksBuildPhase section */
		21E5C188197AD72A00499002 /* Frameworks */ = {
			isa = PBXFrameworksBuildPhase;
			buildActionMask = 2147483647;
			files = (
			);
			runOnlyForDeploymentPostprocessing = 0;
		};
/* End PBXFrameworksBuildPhase section */

/* Begin PBXGroup section */
		21E5C182197AD72A00499002 = {
			isa = PBXGroup;
			children = (
				21E5C1BE197AD7FA00499002 /* GradientView.swift */,
				21E5C1AD197AD7F100499002 /* Example */,
				21E5C18C197AD72A00499002 /* Products */,
			);
			sourceTree = "<group>";
			usesTabs = 1;
		};
		21E5C18C197AD72A00499002 /* Products */ = {
			isa = PBXGroup;
			children = (
				21E5C18B197AD72A00499002 /* GradientView.app */,
			);
			name = Products;
			sourceTree = "<group>";
		};
		21E5C1AD197AD7F100499002 /* Example */ = {
			isa = PBXGroup;
			children = (
				21E5C1AE197AD7F100499002 /* AppDelegate.swift */,
				21E5C1B3197AD7F100499002 /* ViewController.swift */,
				21E5C1AF197AD7F100499002 /* Main.storyboard */,
				21E5C1B1197AD7F100499002 /* Images.xcassets */,
				21E5C1B2197AD7F100499002 /* Info.plist */,
			);
			path = Example;
			sourceTree = "<group>";
		};
/* End PBXGroup section */

/* Begin PBXNativeTarget section */
		21E5C18A197AD72A00499002 /* GradientView */ = {
			isa = PBXNativeTarget;
			buildConfigurationList = 21E5C1A7197AD72A00499002 /* Build configuration list for PBXNativeTarget "GradientView" */;
			buildPhases = (
				21E5C187197AD72A00499002 /* Sources */,
				21E5C188197AD72A00499002 /* Frameworks */,
				21E5C189197AD72A00499002 /* Resources */,
			);
			buildRules = (
			);
			dependencies = (
			);
			name = GradientView;
			productName = GradientView;
			productReference = 21E5C18B197AD72A00499002 /* GradientView.app */;
			productType = "com.apple.product-type.application";
		};
/* End PBXNativeTarget section */

/* Begin PBXProject section */
		21E5C183197AD72A00499002 /* Project object */ = {
			isa = PBXProject;
			attributes = {
				LastUpgradeCheck = 0600;
				ORGANIZATIONNAME = "Sam Soffes";
				TargetAttributes = {
					21E5C18A197AD72A00499002 = {
						CreatedOnToolsVersion = 6.0;
					};
				};
			};
			buildConfigurationList = 21E5C186197AD72A00499002 /* Build configuration list for PBXProject "GradientView" */;
			compatibilityVersion = "Xcode 3.2";
			developmentRegion = English;
			hasScannedForEncodings = 0;
			knownRegions = (
				en,
				Base,
			);
			mainGroup = 21E5C182197AD72A00499002;
			productRefGroup = 21E5C18C197AD72A00499002 /* Products */;
			projectDirPath = "";
			projectRoot = "";
			targets = (
				21E5C18A197AD72A00499002 /* GradientView */,
			);
		};
/* End PBXProject section */

/* Begin PBXResourcesBuildPhase section */
		21E5C189197AD72A00499002 /* Resources */ = {
			isa = PBXResourcesBuildPhase;
			buildActionMask = 2147483647;
			files = (
				21E5C1B5197AD7F100499002 /* Main.storyboard in Resources */,
				21E5C1B6197AD7F100499002 /* Images.xcassets in Resources */,
			);
			runOnlyForDeploymentPostprocessing = 0;
		};
/* End PBXResourcesBuildPhase section */

/* Begin PBXSourcesBuildPhase section */
		21E5C187197AD72A00499002 /* Sources */ = {
			isa = PBXSourcesBuildPhase;
			buildActionMask = 2147483647;
			files = (
				21E5C1B8197AD7F100499002 /* ViewController.swift in Sources */,
				21E5C1B4197AD7F100499002 /* AppDelegate.swift in Sources */,
				21E5C1BF197AD7FA00499002 /* GradientView.swift in Sources */,
			);
			runOnlyForDeploymentPostprocessing = 0;
		};
/* End PBXSourcesBuildPhase section */

/* Begin PBXVariantGroup section */
		21E5C1AF197AD7F100499002 /* Main.storyboard */ = {
			isa = PBXVariantGroup;
			children = (
				21E5C1B0197AD7F100499002 /* Base */,
			);
			name = Main.storyboard;
			sourceTree = "<group>";
		};
/* End PBXVariantGroup section */

/* Begin XCBuildConfiguration section */
		21E5C1A5197AD72A00499002 /* Debug */ = {
			isa = XCBuildConfiguration;
			buildSettings = {
				ALWAYS_SEARCH_USER_PATHS = NO;
				CLANG_CXX_LANGUAGE_STANDARD = "gnu++0x";
				CLANG_CXX_LIBRARY = "libc++";
				CLANG_ENABLE_MODULES = YES;
				CLANG_ENABLE_OBJC_ARC = YES;
				CLANG_WARN_BOOL_CONVERSION = YES;
				CLANG_WARN_CONSTANT_CONVERSION = YES;
				CLANG_WARN_DIRECT_OBJC_ISA_USAGE = YES_ERROR;
				CLANG_WARN_EMPTY_BODY = YES;
				CLANG_WARN_ENUM_CONVERSION = YES;
				CLANG_WARN_INT_CONVERSION = YES;
				CLANG_WARN_OBJC_ROOT_CLASS = YES_ERROR;
				CLANG_WARN_UNREACHABLE_CODE = YES;
				CLANG_WARN__DUPLICATE_METHOD_MATCH = YES;
				"CODE_SIGN_IDENTITY[sdk=iphoneos*]" = "iPhone Developer";
				COPY_PHASE_STRIP = NO;
				ENABLE_STRICT_OBJC_MSGSEND = YES;
				GCC_C_LANGUAGE_STANDARD = gnu99;
				GCC_DYNAMIC_NO_PIC = NO;
				GCC_OPTIMIZATION_LEVEL = 0;
				GCC_PREPROCESSOR_DEFINITIONS = (
					"DEBUG=1",
					"$(inherited)",
				);
				GCC_SYMBOLS_PRIVATE_EXTERN = NO;
				GCC_WARN_64_TO_32_BIT_CONVERSION = YES;
				GCC_WARN_ABOUT_RETURN_TYPE = YES_ERROR;
				GCC_WARN_UNDECLARED_SELECTOR = YES;
				GCC_WARN_UNINITIALIZED_AUTOS = YES_AGGRESSIVE;
				GCC_WARN_UNUSED_FUNCTION = YES;
				GCC_WARN_UNUSED_VARIABLE = YES;
				IPHONEOS_DEPLOYMENT_TARGET = 8.0;
				MTL_ENABLE_DEBUG_INFO = YES;
				ONLY_ACTIVE_ARCH = YES;
				SDKROOT = iphoneos;
				SWIFT_OPTIMIZATION_LEVEL = "-Onone";
				TARGETED_DEVICE_FAMILY = "1,2";
			};
			name = Debug;
		};
		21E5C1A6197AD72A00499002 /* Release */ = {
			isa = XCBuildConfiguration;
			buildSettings = {
				ALWAYS_SEARCH_USER_PATHS = NO;
				CLANG_CXX_LANGUAGE_STANDARD = "gnu++0x";
				CLANG_CXX_LIBRARY = "libc++";
				CLANG_ENABLE_MODULES = YES;
				CLANG_ENABLE_OBJC_ARC = YES;
				CLANG_WARN_BOOL_CONVERSION = YES;
				CLANG_WARN_CONSTANT_CONVERSION = YES;
				CLANG_WARN_DIRECT_OBJC_ISA_USAGE = YES_ERROR;
				CLANG_WARN_EMPTY_BODY = YES;
				CLANG_WARN_ENUM_CONVERSION = YES;
				CLANG_WARN_INT_CONVERSION = YES;
				CLANG_WARN_OBJC_ROOT_CLASS = YES_ERROR;
				CLANG_WARN_UNREACHABLE_CODE = YES;
				CLANG_WARN__DUPLICATE_METHOD_MATCH = YES;
				"CODE_SIGN_IDENTITY[sdk=iphoneos*]" = "iPhone Developer";
				COPY_PHASE_STRIP = YES;
				ENABLE_NS_ASSERTIONS = NO;
				ENABLE_STRICT_OBJC_MSGSEND = YES;
				GCC_C_LANGUAGE_STANDARD = gnu99;
				GCC_WARN_64_TO_32_BIT_CONVERSION = YES;
				GCC_WARN_ABOUT_RETURN_TYPE = YES_ERROR;
				GCC_WARN_UNDECLARED_SELECTOR = YES;
				GCC_WARN_UNINITIALIZED_AUTOS = YES_AGGRESSIVE;
				GCC_WARN_UNUSED_FUNCTION = YES;
				GCC_WARN_UNUSED_VARIABLE = YES;
				IPHONEOS_DEPLOYMENT_TARGET = 8.0;
				MTL_ENABLE_DEBUG_INFO = NO;
				SDKROOT = iphoneos;
				TARGETED_DEVICE_FAMILY = "1,2";
				VALIDATE_PRODUCT = YES;
			};
			name = Release;
		};
		21E5C1A8197AD72A00499002 /* Debug */ = {
			isa = XCBuildConfiguration;
			buildSettings = {
				ASSETCATALOG_COMPILER_APPICON_NAME = AppIcon;
				ASSETCATALOG_COMPILER_LAUNCHIMAGE_NAME = LaunchImage;
				INFOPLIST_FILE = "$(SRCROOT)/Example/Info.plist";
				LD_RUNPATH_SEARCH_PATHS = "$(inherited) @executable_path/Frameworks";
				PRODUCT_NAME = "$(TARGET_NAME)";
			};
			name = Debug;
		};
		21E5C1A9197AD72A00499002 /* Release */ = {
			isa = XCBuildConfiguration;
			buildSettings = {
				ASSETCATALOG_COMPILER_APPICON_NAME = AppIcon;
				ASSETCATALOG_COMPILER_LAUNCHIMAGE_NAME = LaunchImage;
				INFOPLIST_FILE = "$(SRCROOT)/Example/Info.plist";
				LD_RUNPATH_SEARCH_PATHS = "$(inherited) @executable_path/Frameworks";
				PRODUCT_NAME = "$(TARGET_NAME)";
			};
			name = Release;
		};
/* End XCBuildConfiguration section */

/* Begin XCConfigurationList section */
		21E5C186197AD72A00499002 /* Build configuration list for PBXProject "GradientView" */ = {
			isa = XCConfigurationList;
			buildConfigurations = (
				21E5C1A5197AD72A00499002 /* Debug */,
				21E5C1A6197AD72A00499002 /* Release */,
			);
			defaultConfigurationIsVisible = 0;
			defaultConfigurationName = Release;
		};
		21E5C1A7197AD72A00499002 /* Build configuration list for PBXNativeTarget "GradientView" */ = {
			isa = XCConfigurationList;
			buildConfigurations = (
				21E5C1A8197AD72A00499002 /* Debug */,
				21E5C1A9197AD72A00499002 /* Release */,
			);
			defaultConfigurationIsVisible = 0;
			defaultConfigurationName = Release;
		};
/* End XCConfigurationList section */
	};
	rootObject = 21E5C183197AD72A00499002 /* Project object */;
}
